
Microsoft Visual Studio Solution File, Format Version 12.00
# Visual Studio 15
VisualStudioVersion = 15.0.27130.2027
MinimumVisualStudioVersion = 10.0.40219.1
Project("{FAE04EC0-301F-11D3-BF4B-00C04F79EFBC}") = "SpecsUnit", "SpecsUnit\SpecsUnit.csproj", "{A403DFE9-97F6-4C1A-8BA4-894B77EDEB9D}"
EndProject
Project("{FAE04EC0-301F-11D3-BF4B-00C04F79EFBC}") = "SpecsUnit.Tests", "SpecsUnit.Tests\SpecsUnit.Tests.csproj", "{81A4C74E-F864-43D7-8D16-4AC71F473477}"
EndProject
Global
	GlobalSection(SolutionConfigurationPlatforms) = preSolution
		Debug|Any CPU = Debug|Any CPU
		Release|Any CPU = Release|Any CPU
	EndGlobalSection
	GlobalSection(ProjectConfigurationPlatforms) = postSolution
		{A403DFE9-97F6-4C1A-8BA4-894B77EDEB9D}.Debug|Any CPU.ActiveCfg = Debug|Any CPU
		{A403DFE9-97F6-4C1A-8BA4-894B77EDEB9D}.Debug|Any CPU.Build.0 = Debug|Any CPU
		{A403DFE9-97F6-4C1A-8BA4-894B77EDEB9D}.Release|Any CPU.ActiveCfg = Release|Any CPU
		{A403DFE9-97F6-4C1A-8BA4-894B77EDEB9D}.Release|Any CPU.Build.0 = Release|Any CPU
		{81A4C74E-F864-43D7-8D16-4AC71F473477}.Debug|Any CPU.ActiveCfg = Debug|Any CPU
		{81A4C74E-F864-43D7-8D16-4AC71F473477}.Debug|Any CPU.Build.0 = Debug|Any CPU
		{81A4C74E-F864-43D7-8D16-4AC71F473477}.Release|Any CPU.ActiveCfg = Release|Any CPU
		{81A4C74E-F864-43D7-8D16-4AC71F473477}.Release|Any CPU.Build.0 = Release|Any CPU
	EndGlobalSection
	GlobalSection(SolutionProperties) = preSolution
		HideSolutionNode = FALSE
	EndGlobalSection
	GlobalSection(ExtensibilityGlobals) = postSolution
		SolutionGuid = {E72CC9E0-C203-41FB-9C50-DEFAAE00C0CA}
	EndGlobalSection
EndGlobal
